# This file is automatically @generated by Poetry 2.0.0 and should not be changed by hand.

[[package]]
name = "bitarray"
version = "3.0.0"
description = "efficient arrays of booleans -- C extension"
optional = false
python-versions = "*"
groups = ["main"]
files = [
    {file = "bitarray-3.0.0-cp310-cp310-macosx_10_9_universal2.whl", hash = "sha256:5ddbf71a97ad1d6252e6e93d2d703b624d0a5b77c153b12f9ea87d83e1250e0c"},
    {file = "bitarray-3.0.0-cp310-cp310-macosx_10_9_x86_64.whl", hash = "sha256:e0e7f24a0b01e6e6a0191c50b06ca8edfdec1988d9d2b264d669d2487f4f4680"},
    {file = "bitarray-3.0.0-cp310-cp310-macosx_11_0_arm64.whl", hash = "sha256:150b7b29c36d9f1a24779aea723fdfc73d1c1c161dc0ea14990da27d4e947092"},
    {file = "bitarray-3.0.0-cp310-cp310-manylinux_2_17_aarch64.manylinux2014_aarch64.whl", hash = "sha256:8330912be6cb8e2fbfe8eb69f82dee139d605730cadf8d50882103af9ac83bb4"},
    {file = "bitarray-3.0.0-cp310-cp310-manylinux_2_17_ppc64le.manylinux2014_ppc64le.whl", hash = "sha256:e56ba8be5f17dee0ffa6d6ce85251e062ded2faa3cbd2558659c671e6c3bf96d"},
    {file = "bitarray-3.0.0-cp310-cp310-manylinux_2_17_s390x.manylinux2014_s390x.whl", hash = "sha256:ffd94b4803811c738e504a4b499fb2f848b2f7412d71e6b517508217c1d7929d"},
    {file = "bitarray-3.0.0-cp310-cp310-manylinux_2_17_x86_64.manylinux2014_x86_64.whl", hash = "sha256:a0255bd05ec7165e512c115423a5255a3f301417973d20a80fc5bfc3f3640bcb"},
    {file = "bitarray-3.0.0-cp310-cp310-manylinux_2_5_i686.manylinux1_i686.manylinux_2_17_i686.manylinux2014_i686.whl", hash = "sha256:fe606e728842389943a939258809dc5db2de831b1d2e0118515059e87f7bbc1a"},
    {file = "bitarray-3.0.0-cp310-cp310-musllinux_1_2_aarch64.whl", hash = "sha256:e89ea59a3ed86a6eb150d016ed28b1bedf892802d0ed32b5659d3199440f3ced"},
    {file = "bitarray-3.0.0-cp310-cp310-musllinux_1_2_i686.whl", hash = "sha256:cf0cc2e91dd38122dec2e6541efa99aafb0a62e118179218181eff720b4b8153"},
    {file = "bitarray-3.0.0-cp310-cp310-musllinux_1_2_ppc64le.whl", hash = "sha256:2d9fe3ee51afeb909b68f97e14c6539ace3f4faa99b21012e610bbe7315c388d"},
    {file = "bitarray-3.0.0-cp310-cp310-musllinux_1_2_s390x.whl", hash = "sha256:37be5482b9df3105bad00fdf7dc65244e449b130867c3879c9db1db7d72e508b"},
    {file = "bitarray-3.0.0-cp310-cp310-musllinux_1_2_x86_64.whl", hash = "sha256:0027b8f3bb2bba914c79115e96a59b9924aafa1a578223a7c4f0a7242d349842"},
    {file = "bitarray-3.0.0-cp310-cp310-win32.whl", hash = "sha256:628f93e9c2c23930bd1cfe21c634d6c84ec30f45f23e69aefe1fcd262186d7bb"},
    {file = "bitarray-3.0.0-cp310-cp310-win_amd64.whl", hash = "sha256:0b655c3110e315219e266b2732609fddb0857bc69593de29f3c2ba74b7d3f51a"},
    {file = "bitarray-3.0.0-cp311-cp311-macosx_10_9_universal2.whl", hash = "sha256:44c3e78b60070389b824d5a654afa1c893df723153c81904088d4922c3cfb6ac"},
    {file = "bitarray-3.0.0-cp311-cp311-macosx_10_9_x86_64.whl", hash = "sha256:545d36332de81e4742a845a80df89530ff193213a50b4cbef937ed5a44c0e5e5"},
    {file = "bitarray-3.0.0-cp311-cp311-macosx_11_0_arm64.whl", hash = "sha256:8a9eb510cde3fa78c2e302bece510bf5ed494ec40e6b082dec753d6e22d5d1b1"},
    {file = "bitarray-3.0.0-cp311-cp311-manylinux_2_17_aarch64.manylinux2014_aarch64.whl", hash = "sha256:9e3727ab63dfb6bde00b281934e2212bb7529ea3006c0031a556a84d2268bea5"},
    {file = "bitarray-3.0.0-cp311-cp311-manylinux_2_17_ppc64le.manylinux2014_ppc64le.whl", hash = "sha256:2055206ed653bee0b56628f6a4d248d53e5660228d355bbec0014bdfa27050ae"},
    {file = "bitarray-3.0.0-cp311-cp311-manylinux_2_17_s390x.manylinux2014_s390x.whl", hash = "sha256:147542299f458bdb177f798726e5f7d39ab8491de4182c3c6d9885ed275a3c2b"},
    {file = "bitarray-3.0.0-cp311-cp311-manylinux_2_17_x86_64.manylinux2014_x86_64.whl", hash = "sha256:d3f761184b93092077c7f6b7dad7bd4e671c1620404a76620da7872ceb576a94"},
    {file = "bitarray-3.0.0-cp311-cp311-manylinux_2_5_i686.manylinux1_i686.manylinux_2_17_i686.manylinux2014_i686.whl", hash = "sha256:e008b7b4ce6c7f7a54b250c45c28d4243cc2a3bbfd5298fa7dac92afda229842"},
    {file = "bitarray-3.0.0-cp311-cp311-musllinux_1_2_aarch64.whl", hash = "sha256:dfea514e665af278b2e1d4deb542de1cd4f77413bee83dd15ae16175976ea8d5"},
    {file = "bitarray-3.0.0-cp311-cp311-musllinux_1_2_i686.whl", hash = "sha256:66d6134b7bb737b88f1d16478ad0927c571387f6054f4afa5557825a4c1b78e2"},
    {file = "bitarray-3.0.0-cp311-cp311-musllinux_1_2_ppc64le.whl", hash = "sha256:3cd565253889940b4ec4768d24f101d9fe111cad4606fdb203ea16f9797cf9ed"},
    {file = "bitarray-3.0.0-cp311-cp311-musllinux_1_2_s390x.whl", hash = "sha256:4800c91a14656789d2e67d9513359e23e8a534c8ee1482bb9b517a4cfc845200"},
    {file = "bitarray-3.0.0-cp311-cp311-musllinux_1_2_x86_64.whl", hash = "sha256:c2945e0390d1329c585c584c6b6d78be017d9c6a1288f9c92006fe907f69cc28"},
    {file = "bitarray-3.0.0-cp311-cp311-win32.whl", hash = "sha256:c23286abba0cb509733c6ce8f4013cd951672c332b2e184dbefbd7331cd234c8"},
    {file = "bitarray-3.0.0-cp311-cp311-win_amd64.whl", hash = "sha256:ca79f02a98cbda1472449d440592a2fe2ad96fe55515a0447fa8864a38017cf8"},
    {file = "bitarray-3.0.0-cp312-cp312-macosx_10_13_universal2.whl", hash = "sha256:184972c96e1c7e691be60c3792ca1a51dd22b7f25d96ebea502fe3c9b554f25d"},
    {file = "bitarray-3.0.0-cp312-cp312-macosx_10_13_x86_64.whl", hash = "sha256:787db8da5e9e29be712f7a6bce153c7bc8697ccc2c38633e347bb9c82475d5c9"},
    {file = "bitarray-3.0.0-cp312-cp312-macosx_11_0_arm64.whl", hash = "sha256:2da91ab3633c66999c2a352f0ca9ae064f553e5fc0eca231d28e7e305b83e942"},
    {file = "bitarray-3.0.0-cp312-cp312-manylinux_2_17_aarch64.manylinux2014_aarch64.whl", hash = "sha256:7edb83089acbf2c86c8002b96599071931dc4ea5e1513e08306f6f7df879a48b"},
    {file = "bitarray-3.0.0-cp312-cp312-manylinux_2_17_ppc64le.manylinux2014_ppc64le.whl", hash = "sha256:996d1b83eb904589f40974538223eaed1ab0f62be8a5105c280b9bd849e685c4"},
    {file = "bitarray-3.0.0-cp312-cp312-manylinux_2_17_s390x.manylinux2014_s390x.whl", hash = "sha256:4817d73d995bd2b977d9cde6050be8d407791cf1f84c8047fa0bea88c1b815bc"},
    {file = "bitarray-3.0.0-cp312-cp312-manylinux_2_17_x86_64.manylinux2014_x86_64.whl", hash = "sha256:3d47bc4ff9b0e1624d613563c6fa7b80aebe7863c56c3df5ab238bb7134e8755"},
    {file = "bitarray-3.0.0-cp312-cp312-manylinux_2_5_i686.manylinux1_i686.manylinux_2_17_i686.manylinux2014_i686.whl", hash = "sha256:aca0a9cd376beaccd9f504961de83e776dd209c2de5a4c78dc87a78edf61839b"},
    {file = "bitarray-3.0.0-cp312-cp312-musllinux_1_2_aarch64.whl", hash = "sha256:572a61fba7e3a710a8324771322fba8488d134034d349dcd036a7aef74723a80"},
    {file = "bitarray-3.0.0-cp312-cp312-musllinux_1_2_i686.whl", hash = "sha256:a817ad70c1aff217530576b4f037dd9b539eb2926603354fcac605d824082ad1"},
    {file = "bitarray-3.0.0-cp312-cp312-musllinux_1_2_ppc64le.whl", hash = "sha256:2ac67b658fa5426503e9581a3fb44a26a3b346c1abd17105735f07db572195b3"},
    {file = "bitarray-3.0.0-cp312-cp312-musllinux_1_2_s390x.whl", hash = "sha256:12f19ede03e685c5c588ab5ed63167999295ffab5e1126c5fe97d12c0718c18f"},
    {file = "bitarray-3.0.0-cp312-cp312-musllinux_1_2_x86_64.whl", hash = "sha256:fcef31b062f756ba7eebcd7890c5d5de84b9d64ee877325257bcc9782288564a"},
    {file = "bitarray-3.0.0-cp312-cp312-win32.whl", hash = "sha256:656db7bdf1d81ec3b57b3cad7ec7276765964bcfd0eb81c5d1331f385298169c"},
    {file = "bitarray-3.0.0-cp312-cp312-win_amd64.whl", hash = "sha256:f785af6b7cb07a9b1e5db0dea9ef9e3e8bb3d74874a0a61303eab9c16acc1999"},
    {file = "bitarray-3.0.0-cp313-cp313-macosx_10_13_universal2.whl", hash = "sha256:7cb885c043000924554fe2124d13084c8fdae03aec52c4086915cd4cb87fe8be"},
    {file = "bitarray-3.0.0-cp313-cp313-macosx_10_13_x86_64.whl", hash = "sha256:7814c9924a0b30ecd401f02f082d8697fc5a5be3f8d407efa6e34531ff3c306a"},
    {file = "bitarray-3.0.0-cp313-cp313-macosx_11_0_arm64.whl", hash = "sha256:bcf524a087b143ba736aebbb054bb399d49e77cf7c04ed24c728e411adc82bfa"},
    {file = "bitarray-3.0.0-cp313-cp313-manylinux_2_17_aarch64.manylinux2014_aarch64.whl", hash = "sha256:d1d5abf1d6d910599ac16afdd9a0ed3e24f3b46af57f3070cf2792f236f36e0b"},
    {file = "bitarray-3.0.0-cp313-cp313-manylinux_2_17_ppc64le.manylinux2014_ppc64le.whl", hash = "sha256:9929051feeaf8d948cc0b1c9ce57748079a941a1a15c89f6014edf18adaade84"},
    {file = "bitarray-3.0.0-cp313-cp313-manylinux_2_17_s390x.manylinux2014_s390x.whl", hash = "sha256:96cf0898f8060b2d3ae491762ae871b071212ded97ff9e1e3a5229e9fefe544c"},
    {file = "bitarray-3.0.0-cp313-cp313-manylinux_2_17_x86_64.manylinux2014_x86_64.whl", hash = "sha256:ab37da66a8736ad5a75a58034180e92c41e864da0152b84e71fcc253a2f69cd4"},
    {file = "bitarray-3.0.0-cp313-cp313-manylinux_2_5_i686.manylinux1_i686.manylinux_2_17_i686.manylinux2014_i686.whl", hash = "sha256:beeb79e476d19b91fd6a3439853e4e5ba1b3b475920fa40d62bde719c8af786f"},
    {file = "bitarray-3.0.0-cp313-cp313-musllinux_1_2_aarch64.whl", hash = "sha256:f75fc0198c955d840b836059bd43e0993edbf119923029ca60c4fc017cefa54a"},
    {file = "bitarray-3.0.0-cp313-cp313-musllinux_1_2_i686.whl", hash = "sha256:f12cc7c7638074918cdcc7491aff897df921b092ffd877227892d2686e98f876"},
    {file = "bitarray-3.0.0-cp313-cp313-musllinux_1_2_ppc64le.whl", hash = "sha256:dbe1084935b942fab206e609fa1ed3f46ad1f2612fb4833e177e9b2a5e006c96"},
    {file = "bitarray-3.0.0-cp313-cp313-musllinux_1_2_s390x.whl", hash = "sha256:ac06dd72ee1e1b6e312504d06f75220b5894af1fb58f0c20643698f5122aea76"},
    {file = "bitarray-3.0.0-cp313-cp313-musllinux_1_2_x86_64.whl", hash = "sha256:00f9a88c56e373009ac3c73c55205cfbd9683fbd247e2f9a64bae3da78795252"},
    {file = "bitarray-3.0.0-cp313-cp313-win32.whl", hash = "sha256:9c6e52005e91803eb4e08c0a08a481fb55ddce97f926bae1f6fa61b3396b5b61"},
    {file = "bitarray-3.0.0-cp313-cp313-win_amd64.whl", hash = "sha256:cb98d5b6eac4b2cf2a5a69f60a9c499844b8bea207059e9fc45c752436e6bb49"},
    {file = "bitarray-3.0.0-cp36-cp36m-macosx_10_9_x86_64.whl", hash = "sha256:eb27c01b747649afd7e1c342961680893df6d8d81f832a6f04d8c8e03a8a54cc"},
    {file = "bitarray-3.0.0-cp36-cp36m-manylinux_2_17_aarch64.manylinux2014_aarch64.whl", hash = "sha256:4683bff52f5a0fd523fb5d3138161ef87611e63968e1fcb6cf4b0c6a86970fe0"},
    {file = "bitarray-3.0.0-cp36-cp36m-manylinux_2_17_ppc64le.manylinux2014_ppc64le.whl", hash = "sha256:cb7302dbcfcb676f0b66f15891f091d0233c4fc23e1d4b9dc9b9e958156e347f"},
    {file = "bitarray-3.0.0-cp36-cp36m-manylinux_2_17_s390x.manylinux2014_s390x.whl", hash = "sha256:153d7c416a70951dcfa73487af05d2f49c632e95602f1620cd9a651fa2033695"},
    {file = "bitarray-3.0.0-cp36-cp36m-manylinux_2_17_x86_64.manylinux2014_x86_64.whl", hash = "sha256:251cd5bd47f542893b2b61860eded54f34920ea47fd5bff038d85e7a2f7ae99b"},
    {file = "bitarray-3.0.0-cp36-cp36m-manylinux_2_5_i686.manylinux1_i686.manylinux_2_17_i686.manylinux2014_i686.whl", hash = "sha256:5fa4b4d9fa90124b33b251ef74e44e737021f253dc7a9174e1b39f097451f7ca"},
    {file = "bitarray-3.0.0-cp36-cp36m-musllinux_1_2_aarch64.whl", hash = "sha256:18abdce7ab5d2104437c39670821cba0b32fdb9b2da9e6d17a4ff295362bd9dc"},
    {file = "bitarray-3.0.0-cp36-cp36m-musllinux_1_2_i686.whl", hash = "sha256:2855cc01ee370f7e6e3ec97eebe44b1453c83fb35080313145e2c8c3c5243afb"},
    {file = "bitarray-3.0.0-cp36-cp36m-musllinux_1_2_ppc64le.whl", hash = "sha256:0cecaf2981c9cd2054547f651537b4f4939f9fe225d3fc2b77324b597c124e40"},
    {file = "bitarray-3.0.0-cp36-cp36m-musllinux_1_2_s390x.whl", hash = "sha256:22b00f65193fafb13aa644e16012c8b49e7d5cbb6bb72825105ff89aadaa01e3"},
    {file = "bitarray-3.0.0-cp36-cp36m-musllinux_1_2_x86_64.whl", hash = "sha256:20f30373f0af9cb583e4122348cefde93c82865dbcbccc4997108b3d575ece84"},
    {file = "bitarray-3.0.0-cp36-cp36m-win32.whl", hash = "sha256:aef404d5400d95c6ec86664df9924bde667c8865f8e33c9b7bd79823d53b3e5d"},
    {file = "bitarray-3.0.0-cp36-cp36m-win_amd64.whl", hash = "sha256:ec5b0f2d13da53e0975ac15ecbe8badb463bdb0bebaa09457f4df3320421915c"},
    {file = "bitarray-3.0.0-cp37-cp37m-macosx_10_9_x86_64.whl", hash = "sha256:041c889e69c847b8a96346650e50f728b747ae176889199c49a3f31ae1de0e23"},
    {file = "bitarray-3.0.0-cp37-cp37m-manylinux_2_17_aarch64.manylinux2014_aarch64.whl", hash = "sha256:cc83ea003dd75e9ade3291ef0585577dd5524aec0c8c99305c0aaa2a7570d6db"},
    {file = "bitarray-3.0.0-cp37-cp37m-manylinux_2_17_ppc64le.manylinux2014_ppc64le.whl", hash = "sha256:6c33129b49196aa7965ac0f16fcde7b6ad8614b606caf01669a0277cef1afe1d"},
    {file = "bitarray-3.0.0-cp37-cp37m-manylinux_2_17_s390x.manylinux2014_s390x.whl", hash = "sha256:0ef5c787c8263c082a73219a69eb60a500e157a4ac69d1b8515ad836b0e71fb4"},
    {file = "bitarray-3.0.0-cp37-cp37m-manylinux_2_17_x86_64.manylinux2014_x86_64.whl", hash = "sha256:e15c94d79810c5ab90ddf4d943f71f14332890417be896ca253f21fa3d78d2b1"},
    {file = "bitarray-3.0.0-cp37-cp37m-manylinux_2_5_i686.manylinux1_i686.manylinux_2_17_i686.manylinux2014_i686.whl", hash = "sha256:7cd021ada988e73d649289cee00428b75564c46d55fbdcb0e3402e504b0ae5ea"},
    {file = "bitarray-3.0.0-cp37-cp37m-musllinux_1_2_aarch64.whl", hash = "sha256:7f1c24be7519f16a47b7e2ad1a1ef73023d34d8cbe1a3a59b185fc14baabb132"},
    {file = "bitarray-3.0.0-cp37-cp37m-musllinux_1_2_i686.whl", hash = "sha256:000df24c183011b5d27c23d79970f49b6762e5bb5aacd25da9c3e9695c693222"},
    {file = "bitarray-3.0.0-cp37-cp37m-musllinux_1_2_ppc64le.whl", hash = "sha256:42bf1b222c698b467097f58b9f59dc850dfa694dde4e08237407a6a103757aa3"},
    {file = "bitarray-3.0.0-cp37-cp37m-musllinux_1_2_s390x.whl", hash = "sha256:648e7ce794928e8d11343b5da8ecc5b910af75a82ea1a4264d5d0a55c3785faa"},
    {file = "bitarray-3.0.0-cp37-cp37m-musllinux_1_2_x86_64.whl", hash = "sha256:f536fc4d1a683025f9caef0bebeafd60384054579ffe0825bb9bd8c59f8c55b8"},
    {file = "bitarray-3.0.0-cp37-cp37m-win32.whl", hash = "sha256:a754c1464e7b946b1cac7300c582c6fba7d66e535cd1dab76d998ad285ac5a37"},
    {file = "bitarray-3.0.0-cp37-cp37m-win_amd64.whl", hash = "sha256:e91d46d12781a14ccb8b284566b14933de4e3b29f8bc5e1c17de7a2001ad3b5b"},
    {file = "bitarray-3.0.0-cp38-cp38-macosx_10_9_universal2.whl", hash = "sha256:904c1d5e3bd24f0c0d37a582d2461312033c91436a6a4f3bdeeceb4bea4a899d"},
    {file = "bitarray-3.0.0-cp38-cp38-macosx_10_9_x86_64.whl", hash = "sha256:47ccf9887bd595d4a0536f2310f0dcf89e17ab83b8befa7dc8727b8017120fda"},
    {file = "bitarray-3.0.0-cp38-cp38-macosx_11_0_arm64.whl", hash = "sha256:71ad0139c95c9acf4fb62e203b428f9906157b15eecf3f30dc10b55919225896"},
    {file = "bitarray-3.0.0-cp38-cp38-manylinux_2_17_aarch64.manylinux2014_aarch64.whl", hash = "sha256:53e002ac1073ac70e323a7a4bfa9ab95e7e1a85c79160799e265563f342b1557"},
    {file = "bitarray-3.0.0-cp38-cp38-manylinux_2_17_ppc64le.manylinux2014_ppc64le.whl", hash = "sha256:acc07211a59e2f245e9a06f28fa374d094fb0e71cf5366eef52abbb826ddc81e"},
    {file = "bitarray-3.0.0-cp38-cp38-manylinux_2_17_s390x.manylinux2014_s390x.whl", hash = "sha256:98a4070ddafabddaee70b2aa7cc6286cf73c37984169ab03af1782da2351059a"},
    {file = "bitarray-3.0.0-cp38-cp38-manylinux_2_17_x86_64.manylinux2014_x86_64.whl", hash = "sha256:b7d09ef06ba57bea646144c29764bf6b870fb3c5558ca098191e07b6a1d40bf7"},
    {file = "bitarray-3.0.0-cp38-cp38-manylinux_2_5_i686.manylinux1_i686.manylinux_2_17_i686.manylinux2014_i686.whl", hash = "sha256:ce249ed981f428a8b61538ca82d3875847733d579dd40084ab8246549160f8a4"},
    {file = "bitarray-3.0.0-cp38-cp38-musllinux_1_2_aarch64.whl", hash = "sha256:ea40e98d751ed4b255db4a88fe8fb743374183f78470b9e9305aab186bf28ede"},
    {file = "bitarray-3.0.0-cp38-cp38-musllinux_1_2_i686.whl", hash = "sha256:928b8b6dfcd015e1a81334cfdac02815da2a2407854492a80cf8a3a922b04052"},
    {file = "bitarray-3.0.0-cp38-cp38-musllinux_1_2_ppc64le.whl", hash = "sha256:fbb645477595ce2a0fbb678d1cfd08d3b896e5d56196d40fb9e114eeab9382b3"},
    {file = "bitarray-3.0.0-cp38-cp38-musllinux_1_2_s390x.whl", hash = "sha256:dc1937a0ff2671797d35243db4b596329842480d125a65e9fe964bcffaf16dfc"},
    {file = "bitarray-3.0.0-cp38-cp38-musllinux_1_2_x86_64.whl", hash = "sha256:a4f49ac31734fe654a68e2515c0da7f5bbdf2d52755ba09a42ac406f1f08c9d0"},
    {file = "bitarray-3.0.0-cp38-cp38-win32.whl", hash = "sha256:6d2a2ce73f9897268f58857ad6893a1a6680c5a6b28f79d21c7d33285a5ae646"},
    {file = "bitarray-3.0.0-cp38-cp38-win_amd64.whl", hash = "sha256:b1047999f1797c3ea7b7c85261649249c243308dcf3632840d076d18fa72f142"},
    {file = "bitarray-3.0.0-cp39-cp39-macosx_10_9_universal2.whl", hash = "sha256:39b38a3d45dac39d528c87b700b81dfd5e8dc8e9e1a102503336310ef837c3fd"},
    {file = "bitarray-3.0.0-cp39-cp39-macosx_10_9_x86_64.whl", hash = "sha256:0e104f9399144fab6a892d379ba1bb4275e56272eb465059beef52a77b4e5ce6"},
    {file = "bitarray-3.0.0-cp39-cp39-macosx_11_0_arm64.whl", hash = "sha256:0879f839ec8f079fa60c3255966c2e1aa7196699a234d4e5b7898fbc321901b5"},
    {file = "bitarray-3.0.0-cp39-cp39-manylinux_2_17_aarch64.manylinux2014_aarch64.whl", hash = "sha256:9502c2230d59a4ace2fddfd770dad8e8b414cbd99517e7e56c55c20997c28b8d"},
    {file = "bitarray-3.0.0-cp39-cp39-manylinux_2_17_ppc64le.manylinux2014_ppc64le.whl", hash = "sha256:57d5ef854f8ec434f2ffd9ddcefc25a10848393fe2976e2be2c8c773cf5fef42"},
    {file = "bitarray-3.0.0-cp39-cp39-manylinux_2_17_s390x.manylinux2014_s390x.whl", hash = "sha256:a3c36b2fcfebe15ad1c10a90c1d52a42bebe960adcbce340fef867203028fbe7"},
    {file = "bitarray-3.0.0-cp39-cp39-manylinux_2_17_x86_64.manylinux2014_x86_64.whl", hash = "sha256:66a33a537e781eac3a352397ce6b07eedf3a8380ef4a804f8844f3f45e335544"},
    {file = "bitarray-3.0.0-cp39-cp39-manylinux_2_5_i686.manylinux1_i686.manylinux_2_17_i686.manylinux2014_i686.whl", hash = "sha256:aa54c7e1da8cf4be0aab941ea284ec64033ede5d6de3fd47d75e77cafe986e9d"},
    {file = "bitarray-3.0.0-cp39-cp39-musllinux_1_2_aarch64.whl", hash = "sha256:a667ea05ba1ea81b722682276dbef1d36990f8908cf51e570099fd505a89f931"},
    {file = "bitarray-3.0.0-cp39-cp39-musllinux_1_2_i686.whl", hash = "sha256:d756bfeb62ca4fe65d2af7a39249d442c05070c047d03729ad6cd4c2e9b0f0bd"},
    {file = "bitarray-3.0.0-cp39-cp39-musllinux_1_2_ppc64le.whl", hash = "sha256:c9e9fef0754867d88e948ce8351c9fd7e507d8514e0f242fd67c907b9cdf98b3"},
    {file = "bitarray-3.0.0-cp39-cp39-musllinux_1_2_s390x.whl", hash = "sha256:67a0b56dd02f2713f6f52cacb3f251afd67c94c5f0748026d307d87a81a8e15c"},
    {file = "bitarray-3.0.0-cp39-cp39-musllinux_1_2_x86_64.whl", hash = "sha256:d8c36ddc1923bcc4c11b9994c54eaae25034812a42400b7b8a86fe6d242166a2"},
    {file = "bitarray-3.0.0-cp39-cp39-win32.whl", hash = "sha256:1414a7102a3c4986f241480544f5c99f5d32258fb9b85c9c04e84e48c490ab35"},
    {file = "bitarray-3.0.0-cp39-cp39-win_amd64.whl", hash = "sha256:8c9733d2ff9b7838ac04bf1048baea153174753e6a47312be14c83c6a395424b"},
    {file = "bitarray-3.0.0-pp310-pypy310_pp73-macosx_10_15_x86_64.whl", hash = "sha256:fef4e3b3f2084b4dae3e5316b44cda72587dcc81f68b4eb2dbda1b8d15261b61"},
    {file = "bitarray-3.0.0-pp310-pypy310_pp73-manylinux_2_17_aarch64.manylinux2014_aarch64.whl", hash = "sha256:7e9eee03f187cef1e54a4545124109ee0afc84398628b4b32ebb4852b4a66393"},
    {file = "bitarray-3.0.0-pp310-pypy310_pp73-manylinux_2_17_x86_64.manylinux2014_x86_64.whl", hash = "sha256:4cb5702dd667f4bb10fed056ffdc4ddaae8193a52cd74cb2cdb54e71f4ef2dd1"},
    {file = "bitarray-3.0.0-pp310-pypy310_pp73-manylinux_2_5_i686.manylinux1_i686.manylinux_2_17_i686.manylinux2014_i686.whl", hash = "sha256:666e44b0458bb2894b64264a29f2cc7b5b2cbcc4c5e9cedfe1fdbde37a8e329a"},
    {file = "bitarray-3.0.0-pp310-pypy310_pp73-win_amd64.whl", hash = "sha256:c756a92cf1c1abf01e56a4cc40cb89f0ff9147f2a0be5b557ec436a23ff464d8"},
    {file = "bitarray-3.0.0-pp37-pypy37_pp73-macosx_10_9_x86_64.whl", hash = "sha256:7e51e7f8289bf6bb631e1ef2a8f5e9ca287985ff518fe666abbdfdb6a848cb26"},
    {file = "bitarray-3.0.0-pp37-pypy37_pp73-manylinux_2_17_aarch64.manylinux2014_aarch64.whl", hash = "sha256:3fa5d8e4b28388b337face6ce4029be73585651a44866901513df44be9a491ab"},
    {file = "bitarray-3.0.0-pp37-pypy37_pp73-manylinux_2_17_x86_64.manylinux2014_x86_64.whl", hash = "sha256:3963b80a68aedcd722a9978d261ae53cb9bb6a8129cc29790f0f10ce5aca287a"},
    {file = "bitarray-3.0.0-pp37-pypy37_pp73-manylinux_2_5_i686.manylinux1_i686.manylinux_2_17_i686.manylinux2014_i686.whl", hash = "sha256:0b555006a7dea53f6bebc616a4d0249cecbf8f1fadf77860120a2e5dbdc2f167"},
    {file = "bitarray-3.0.0-pp37-pypy37_pp73-win_amd64.whl", hash = "sha256:4ac2027ca650a7302864ed2528220d6cc6921501b383e9917afc7a2424a1e36d"},
    {file = "bitarray-3.0.0-pp38-pypy38_pp73-macosx_10_9_x86_64.whl", hash = "sha256:bf90aba4cff9e72e24ecdefe33bad608f147a23fa5c97790a5bab0e72fe62b6d"},
    {file = "bitarray-3.0.0-pp38-pypy38_pp73-manylinux_2_17_aarch64.manylinux2014_aarch64.whl", hash = "sha256:d1a199e6d7c3bad5ba9d0e4dc00dde70ee7d111c9dfc521247fa646ef59fa57e"},
    {file = "bitarray-3.0.0-pp38-pypy38_pp73-manylinux_2_17_x86_64.manylinux2014_x86_64.whl", hash = "sha256:43b6c7c4f4a7b80e86e24a76f4c6b9b67d03229ea16d7d403520616535c32196"},
    {file = "bitarray-3.0.0-pp38-pypy38_pp73-manylinux_2_5_i686.manylinux1_i686.manylinux_2_17_i686.manylinux2014_i686.whl", hash = "sha256:34fc13da3518f14825b239374734fce93c1a9299ed7b558c3ec1d659ec7e4c70"},
    {file = "bitarray-3.0.0-pp38-pypy38_pp73-win_amd64.whl", hash = "sha256:369b6d457af94af901d632c7e625ca6caf0a7484110fc91c6290ce26bc4f1478"},
    {file = "bitarray-3.0.0-pp39-pypy39_pp73-macosx_10_15_x86_64.whl", hash = "sha256:ee040ad3b7dfa05e459713099f16373c1f2a6f68b43cb0575a66718e7a5daef4"},
    {file = "bitarray-3.0.0-pp39-pypy39_pp73-manylinux_2_17_aarch64.manylinux2014_aarch64.whl", hash = "sha256:2dad7ba2af80f9ec1dd988c3aca7992408ec0d0b4c215b65d353d95ab0070b10"},
    {file = "bitarray-3.0.0-pp39-pypy39_pp73-manylinux_2_17_x86_64.manylinux2014_x86_64.whl", hash = "sha256:4839d3b64af51e4b8bb4a602563b98b9faeb34fd6c00ed23d7834e40a9d080fc"},
    {file = "bitarray-3.0.0-pp39-pypy39_pp73-manylinux_2_5_i686.manylinux1_i686.manylinux_2_17_i686.manylinux2014_i686.whl", hash = "sha256:f71f24b58e75a889b9915e3197865302467f13e7390efdea5b6afc7424b3a2ea"},
    {file = "bitarray-3.0.0-pp39-pypy39_pp73-win_amd64.whl", hash = "sha256:bcf0150ae0bcc4aa97bdfcb231b37bad1a59083c1b5012643b266012bf420e68"},
    {file = "bitarray-3.0.0.tar.gz", hash = "sha256:a2083dc20f0d828a7cdf7a16b20dae56aab0f43dc4f347a3b3039f6577992b03"},
]

[[package]]
name = "bitstring"
version = "4.3.0"
description = "Simple construction, analysis and modification of binary data."
optional = false
python-versions = ">=3.8"
groups = ["main"]
files = [
    {file = "bitstring-4.3.0-py3-none-any.whl", hash = "sha256:3282a896814813f8fe5fa09dbafac842c57aace1d3bfd94546c6f1ed9aafcbe1"},
    {file = "bitstring-4.3.0.tar.gz", hash = "sha256:81800bc4e00b6508716adbae648e741256355c8dfd19541f76482fb89bee0313"},
]

[package.dependencies]
bitarray = ">=3.0.0,<3.1"

[[package]]
name = "black"
version = "24.10.0"
description = "The uncompromising code formatter."
optional = false
python-versions = ">=3.9"
groups = ["dev"]
files = [
    {file = "black-24.10.0-cp310-cp310-macosx_10_9_x86_64.whl", hash = "sha256:e6668650ea4b685440857138e5fe40cde4d652633b1bdffc62933d0db4ed9812"},
    {file = "black-24.10.0-cp310-cp310-macosx_11_0_arm64.whl", hash = "sha256:1c536fcf674217e87b8cc3657b81809d3c085d7bf3ef262ead700da345bfa6ea"},
    {file = "black-24.10.0-cp310-cp310-manylinux_2_17_x86_64.manylinux2014_x86_64.manylinux_2_28_x86_64.whl", hash = "sha256:649fff99a20bd06c6f727d2a27f401331dc0cc861fb69cde910fe95b01b5928f"},
    {file = "black-24.10.0-cp310-cp310-win_amd64.whl", hash = "sha256:fe4d6476887de70546212c99ac9bd803d90b42fc4767f058a0baa895013fbb3e"},
    {file = "black-24.10.0-cp311-cp311-macosx_10_9_x86_64.whl", hash = "sha256:5a2221696a8224e335c28816a9d331a6c2ae15a2ee34ec857dcf3e45dbfa99ad"},
    {file = "black-24.10.0-cp311-cp311-macosx_11_0_arm64.whl", hash = "sha256:f9da3333530dbcecc1be13e69c250ed8dfa67f43c4005fb537bb426e19200d50"},
    {file = "black-24.10.0-cp311-cp311-manylinux_2_17_x86_64.manylinux2014_x86_64.manylinux_2_28_x86_64.whl", hash = "sha256:4007b1393d902b48b36958a216c20c4482f601569d19ed1df294a496eb366392"},
    {file = "black-24.10.0-cp311-cp311-win_amd64.whl", hash = "sha256:394d4ddc64782e51153eadcaaca95144ac4c35e27ef9b0a42e121ae7e57a9175"},
    {file = "black-24.10.0-cp312-cp312-macosx_10_13_x86_64.whl", hash = "sha256:b5e39e0fae001df40f95bd8cc36b9165c5e2ea88900167bddf258bacef9bbdc3"},
    {file = "black-24.10.0-cp312-cp312-macosx_11_0_arm64.whl", hash = "sha256:d37d422772111794b26757c5b55a3eade028aa3fde43121ab7b673d050949d65"},
    {file = "black-24.10.0-cp312-cp312-manylinux_2_17_x86_64.manylinux2014_x86_64.manylinux_2_28_x86_64.whl", hash = "sha256:14b3502784f09ce2443830e3133dacf2c0110d45191ed470ecb04d0f5f6fcb0f"},
    {file = "black-24.10.0-cp312-cp312-win_amd64.whl", hash = "sha256:30d2c30dc5139211dda799758559d1b049f7f14c580c409d6ad925b74a4208a8"},
    {file = "black-24.10.0-cp313-cp313-macosx_10_13_x86_64.whl", hash = "sha256:1cbacacb19e922a1d75ef2b6ccaefcd6e93a2c05ede32f06a21386a04cedb981"},
    {file = "black-24.10.0-cp313-cp313-macosx_11_0_arm64.whl", hash = "sha256:1f93102e0c5bb3907451063e08b9876dbeac810e7da5a8bfb7aeb5a9ef89066b"},
    {file = "black-24.10.0-cp313-cp313-manylinux_2_17_x86_64.manylinux2014_x86_64.manylinux_2_28_x86_64.whl", hash = "sha256:ddacb691cdcdf77b96f549cf9591701d8db36b2f19519373d60d31746068dbf2"},
    {file = "black-24.10.0-cp313-cp313-win_amd64.whl", hash = "sha256:680359d932801c76d2e9c9068d05c6b107f2584b2a5b88831c83962eb9984c1b"},
    {file = "black-24.10.0-cp39-cp39-macosx_10_9_x86_64.whl", hash = "sha256:17374989640fbca88b6a448129cd1745c5eb8d9547b464f281b251dd00155ccd"},
    {file = "black-24.10.0-cp39-cp39-macosx_11_0_arm64.whl", hash = "sha256:63f626344343083322233f175aaf372d326de8436f5928c042639a4afbbf1d3f"},
    {file = "black-24.10.0-cp39-cp39-manylinux_2_17_x86_64.manylinux2014_x86_64.manylinux_2_28_x86_64.whl", hash = "sha256:ccfa1d0cb6200857f1923b602f978386a3a2758a65b52e0950299ea014be6800"},
    {file = "black-24.10.0-cp39-cp39-win_amd64.whl", hash = "sha256:2cd9c95431d94adc56600710f8813ee27eea544dd118d45896bb734e9d7a0dc7"},
    {file = "black-24.10.0-py3-none-any.whl", hash = "sha256:3bb2b7a1f7b685f85b11fed1ef10f8a9148bceb49853e47a294a3dd963c1dd7d"},
    {file = "black-24.10.0.tar.gz", hash = "sha256:846ea64c97afe3bc677b761787993be4991810ecc7a4a937816dd6bddedc4875"},
]

[package.dependencies]
click = ">=8.0.0"
mypy-extensions = ">=0.4.3"
packaging = ">=22.0"
pathspec = ">=0.9.0"
platformdirs = ">=2"

[package.extras]
colorama = ["colorama (>=0.4.3)"]
d = ["aiohttp (>=3.10)"]
jupyter = ["ipython (>=7.8.0)", "tokenize-rt (>=3.2.0)"]
uvloop = ["uvloop (>=0.15.2)"]

[[package]]
name = "click"
version = "8.1.8"
description = "Composable command line interface toolkit"
optional = false
python-versions = ">=3.7"
groups = ["dev"]
files = [
    {file = "click-8.1.8-py3-none-any.whl", hash = "sha256:63c132bbbed01578a06712a2d1f497bb62d9c1c0d329b7903a866228027263b2"},
    {file = "click-8.1.8.tar.gz", hash = "sha256:ed53c9d8990d83c2a27deae68e4ee337473f6330c040a31d4225c9574d16096a"},
]

[package.dependencies]
colorama = {version = "*", markers = "platform_system == \"Windows\""}

[[package]]
name = "colorama"
version = "0.4.6"
description = "Cross-platform colored terminal text."
optional = false
python-versions = "!=3.0.*,!=3.1.*,!=3.2.*,!=3.3.*,!=3.4.*,!=3.5.*,!=3.6.*,>=2.7"
groups = ["dev"]
markers = "platform_system == \"Windows\""
files = [
    {file = "colorama-0.4.6-py2.py3-none-any.whl", hash = "sha256:4f1d9991f5acc0ca119f9d443620b77f9d6b33703e51011c16baf57afb285fc6"},
    {file = "colorama-0.4.6.tar.gz", hash = "sha256:08695f5cb7ed6e0531a20572697297273c47b8cae5a63ffc6d6ed5c201be6e44"},
]

[[package]]
name = "fastcrc"
version = "0.3.2"
description = "A hyper-fast Python module for computing CRC(8, 16, 32, 64) checksum"
optional = false
python-versions = ">=3.7"
groups = ["main"]
files = [
    {file = "fastcrc-0.3.2-cp310-cp310-macosx_10_12_x86_64.whl", hash = "sha256:b02b35a6862f5a2b0f1c1ed3ab83b95b770e8865dd00a99e01dd6aa34189d8d8"},
    {file = "fastcrc-0.3.2-cp310-cp310-macosx_11_0_arm64.whl", hash = "sha256:3004ad912910c5f754c2b7135965ba1ed4c60c2cc6994697caaba1871c9f49a3"},
    {file = "fastcrc-0.3.2-cp310-cp310-manylinux_2_17_aarch64.manylinux2014_aarch64.whl", hash = "sha256:c5a941b7a80c0a284907019c3ca64af329d0b18b6e1323083a4542e2f00c1ce9"},
    {file = "fastcrc-0.3.2-cp310-cp310-manylinux_2_17_armv7l.manylinux2014_armv7l.whl", hash = "sha256:02ecaf4bb07a3c75f80b17cc2970c1b4011ff46f41d8c48d13bc3de3c9362389"},
    {file = "fastcrc-0.3.2-cp310-cp310-manylinux_2_17_ppc64le.manylinux2014_ppc64le.whl", hash = "sha256:0301088e82116017cf478662de5817db03a79243c4fbf12976be9bed652dd8ab"},
    {file = "fastcrc-0.3.2-cp310-cp310-manylinux_2_17_s390x.manylinux2014_s390x.whl", hash = "sha256:4f59bdeaa6c158c18aec9d34d9caf853fe3a872deafedc4df0a8d156cbc4dfd6"},
    {file = "fastcrc-0.3.2-cp310-cp310-manylinux_2_17_x86_64.manylinux2014_x86_64.whl", hash = "sha256:53cdca334bb9a1ccf31c5f379dac98738d41a62ce5c634606c805e39b731684b"},
    {file = "fastcrc-0.3.2-cp310-cp310-manylinux_2_5_i686.manylinux1_i686.whl", hash = "sha256:5885eea5122048ef79fd586c2283a5d9103455d975ed5f4965256a63aa2fc785"},
    {file = "fastcrc-0.3.2-cp310-none-win32.whl", hash = "sha256:99dd3f05445a97337a9564330cf310728ed0f3b2ac9f8caedf9fe2395c42b7e7"},
    {file = "fastcrc-0.3.2-cp310-none-win_amd64.whl", hash = "sha256:d3d6541a9d9dd72979122a7aa86af32ce8c02c051f53c225a101e4cb53d3993c"},
    {file = "fastcrc-0.3.2-cp311-cp311-macosx_10_12_x86_64.whl", hash = "sha256:453c2978e0d04d3c6f23f4d6697a5bcfcfb970e9186e8e1b9764cce9dd8f1efa"},
    {file = "fastcrc-0.3.2-cp311-cp311-macosx_11_0_arm64.whl", hash = "sha256:c86d990d484c79f95d9b353834a38ab7af179f41591b234cc3395c5b2a50b823"},
    {file = "fastcrc-0.3.2-cp311-cp311-manylinux_2_17_aarch64.manylinux2014_aarch64.whl", hash = "sha256:c8812e2ebb8dcc990ffca1ee97b7cb62fe979ff45eac3cf4c6f2349f076f4a1d"},
    {file = "fastcrc-0.3.2-cp311-cp311-manylinux_2_17_armv7l.manylinux2014_armv7l.whl", hash = "sha256:3d0f35b0a1da68d82027f00e9fcc7a17d81852fa70e5b527aa24948083976ef1"},
    {file = "fastcrc-0.3.2-cp311-cp311-manylinux_2_17_ppc64le.manylinux2014_ppc64le.whl", hash = "sha256:61c85f40f1f333d6e5151215062dd010edfa7c5626d692cdad7cf437cccd6ceb"},
    {file = "fastcrc-0.3.2-cp311-cp311-manylinux_2_17_s390x.manylinux2014_s390x.whl", hash = "sha256:819c839c2d63336bcfb48932382f3f14297d32d541d6819ddcd27493069d4b83"},
    {file = "fastcrc-0.3.2-cp311-cp311-manylinux_2_17_x86_64.manylinux2014_x86_64.whl", hash = "sha256:5d2c0832a014229293b2583ab39895cc2712a73fe6ec5712c87db210b11c41fc"},
    {file = "fastcrc-0.3.2-cp311-cp311-manylinux_2_5_i686.manylinux1_i686.whl", hash = "sha256:5019246289f50fcde7aa3b768ee35595b446b36acb85a97023d991a3b3735bec"},
    {file = "fastcrc-0.3.2-cp311-none-win32.whl", hash = "sha256:d3414ba146d01fc7e26c7dd0614c5f2582d0b317daa7cf13297bcb12f9146a13"},
    {file = "fastcrc-0.3.2-cp311-none-win_amd64.whl", hash = "sha256:e7811f35ba713fbc1def72dd47b01cda5ea567ed3fa9270d6f3aedce06fc94a1"},
    {file = "fastcrc-0.3.2-cp312-cp312-macosx_10_12_x86_64.whl", hash = "sha256:5333403aaa300a6dd9a09be57108fe097bf3999c1beefee290268fe29b969770"},
    {file = "fastcrc-0.3.2-cp312-cp312-macosx_11_0_arm64.whl", hash = "sha256:9e440928e38295e34cc3d10c0dd60c636f29f87b3f75eb712c655f24b234783e"},
    {file = "fastcrc-0.3.2-cp312-cp312-manylinux_2_17_aarch64.manylinux2014_aarch64.whl", hash = "sha256:53b66d2a2caf5fa39d2bdfa814b08a879812cbcf8659b1606c37c6c0063ab4dc"},
    {file = "fastcrc-0.3.2-cp312-cp312-manylinux_2_17_armv7l.manylinux2014_armv7l.whl", hash = "sha256:047ade898642d182f98ab91c2835a261ea347c65fea9b4cbacf9c2831ae0af9e"},
    {file = "fastcrc-0.3.2-cp312-cp312-manylinux_2_17_ppc64le.manylinux2014_ppc64le.whl", hash = "sha256:ea795a0d5561bdfe45648d7f0a5423c2a4aca9fa7bf11545185551ef6df2174d"},
    {file = "fastcrc-0.3.2-cp312-cp312-manylinux_2_17_s390x.manylinux2014_s390x.whl", hash = "sha256:22a4983946593f76a573992ba92a207ddd9792b4797575ee1ae9757ddeda40f1"},
    {file = "fastcrc-0.3.2-cp312-cp312-manylinux_2_17_x86_64.manylinux2014_x86_64.whl", hash = "sha256:3b0253a6408ffec884876bbfd7a0e602da1cba7f31ef63efcac3fb4600ec1f93"},
    {file = "fastcrc-0.3.2-cp312-cp312-manylinux_2_5_i686.manylinux1_i686.whl", hash = "sha256:854bbc2633a94ac5673a65d2793dc952d4b795357927997fa9cf6b941f7f52ac"},
    {file = "fastcrc-0.3.2-cp312-none-win32.whl", hash = "sha256:f47c3b4642683e653a4bb2dfb97049af60af57869298bd45b0a229be2816946f"},
    {file = "fastcrc-0.3.2-cp312-none-win_amd64.whl", hash = "sha256:858fd01ab7996cdc1801f4845273e25e81d66a1d64a6aa79f8acb0a77a5ffc68"},
    {file = "fastcrc-0.3.2-cp313-cp313-macosx_10_12_x86_64.whl", hash = "sha256:b848835c2521ad5a96413ce310243c325a911aad92860aa427afb19f28493657"},
    {file = "fastcrc-0.3.2-cp313-cp313-macosx_11_0_arm64.whl", hash = "sha256:e2d723fdf5df4444ed8ab1d3b8478d71162397243bbd26bd82f1e844a5ae4b88"},
    {file = "fastcrc-0.3.2-cp313-cp313-manylinux_2_17_aarch64.manylinux2014_aarch64.whl", hash = "sha256:4ec03598c258ab5267ed1303988d5d34f8c8d02839409bf0be04deb91f51a7d1"},
    {file = "fastcrc-0.3.2-cp313-cp313-manylinux_2_17_armv7l.manylinux2014_armv7l.whl", hash = "sha256:d923e9ea11ee35d129dc742ef76b5ab86e489cf6b7f404e02e413c4b98e4c838"},
    {file = "fastcrc-0.3.2-cp313-cp313-manylinux_2_17_ppc64le.manylinux2014_ppc64le.whl", hash = "sha256:f0c8c968237d580886e796da52c7d026e318652e60e0106d9557e2a25265c030"},
    {file = "fastcrc-0.3.2-cp313-cp313-manylinux_2_17_s390x.manylinux2014_s390x.whl", hash = "sha256:4dd95f209a575edae4f223c55b508b43c18d1e4ffdb0262fcd6bc55be355a96a"},
    {file = "fastcrc-0.3.2-cp313-cp313-manylinux_2_17_x86_64.manylinux2014_x86_64.whl", hash = "sha256:9465678d0fe17e4ccd63b13aadefc550521f7bd1ba7b176b5b7e118952f0097f"},
    {file = "fastcrc-0.3.2-cp313-cp313-manylinux_2_5_i686.manylinux1_i686.whl", hash = "sha256:bf3aca3a8d4c369bebaf601831b25917a0808dc7cf0d3060955c97d2a72951ae"},
    {file = "fastcrc-0.3.2-cp313-none-win32.whl", hash = "sha256:86f3c9e5844e5ffbbec1c17f059198a9b3f36ec3061f1128076ae2eb625101a3"},
    {file = "fastcrc-0.3.2-cp313-none-win_amd64.whl", hash = "sha256:a5b68367c9a837773ad1dc98ae66adb4d097a58430665a21bff548982db8f3b9"},
    {file = "fastcrc-0.3.2-cp37-cp37m-macosx_10_12_x86_64.whl", hash = "sha256:adfb72a051655d943b62520ab99e50c16bbfecf6de82fbe3ed1f278e2dadf0ff"},
    {file = "fastcrc-0.3.2-cp37-cp37m-macosx_11_0_arm64.whl", hash = "sha256:92f77198f107aad60654866256c33a4ec02e741c2dfde6be01c1a1921cbffe18"},
    {file = "fastcrc-0.3.2-cp37-cp37m-manylinux_2_17_aarch64.manylinux2014_aarch64.whl", hash = "sha256:3f11bdfe6ea8035ef87afd7abb9925978a565ad22f94b8dacd24a2b43cf7d7f9"},
    {file = "fastcrc-0.3.2-cp37-cp37m-manylinux_2_17_armv7l.manylinux2014_armv7l.whl", hash = "sha256:bfccbc71a2eff9702ebb400eea92079507e33f1ad7ace291b71966643ecae61c"},
    {file = "fastcrc-0.3.2-cp37-cp37m-manylinux_2_17_ppc64le.manylinux2014_ppc64le.whl", hash = "sha256:9eb591276a6b4857979670d695ff177c6e7a2017a95bfde465265eb82844b593"},
    {file = "fastcrc-0.3.2-cp37-cp37m-manylinux_2_17_s390x.manylinux2014_s390x.whl", hash = "sha256:5757b206096b1b5e7a2b5c80134f235d06310343fa2bb0ff5158bddb7aacb72e"},
    {file = "fastcrc-0.3.2-cp37-cp37m-manylinux_2_17_x86_64.manylinux2014_x86_64.whl", hash = "sha256:a84f4c799791182e05f82f4069489416a648ee45f94d8003d97adc91f96f3703"},
    {file = "fastcrc-0.3.2-cp37-cp37m-manylinux_2_5_i686.manylinux1_i686.whl", hash = "sha256:e3c8b88c8526221661f534aa27a40a0627cc848345e2c543beeb838ecd96d755"},
    {file = "fastcrc-0.3.2-cp37-none-win32.whl", hash = "sha256:037101135517a02fbbac072749e7e82fa59f8517aa1ed7f9001e60e5e8ebade1"},
    {file = "fastcrc-0.3.2-cp37-none-win_amd64.whl", hash = "sha256:c19f66dd360823e5aa42d5f19c031813f9c6f314a91720d1e21e06a83a5e3817"},
    {file = "fastcrc-0.3.2-cp38-cp38-macosx_10_12_x86_64.whl", hash = "sha256:82d1a989b037b2a5a2c60216c02d24646510308eaf37db4ab1c28f319f5f06cb"},
    {file = "fastcrc-0.3.2-cp38-cp38-macosx_11_0_arm64.whl", hash = "sha256:aff75d87f8840fd91eaa6e722d91dfeece6abded1aa18cab9592f5886bbde199"},
    {file = "fastcrc-0.3.2-cp38-cp38-manylinux_2_17_aarch64.manylinux2014_aarch64.whl", hash = "sha256:34a6e12e8c698606c86dc01152a52612a43f910a53dcd614d5d6f446c7904921"},
    {file = "fastcrc-0.3.2-cp38-cp38-manylinux_2_17_armv7l.manylinux2014_armv7l.whl", hash = "sha256:fb5f8a445e4f4600be53fd92e5016fc09b0d31d4428387f13fe6385cc499a4af"},
    {file = "fastcrc-0.3.2-cp38-cp38-manylinux_2_17_ppc64le.manylinux2014_ppc64le.whl", hash = "sha256:9e33252ad8ec345f239ac2caaac56cd310478f8d1f7a5b4109c6fc4deeb62080"},
    {file = "fastcrc-0.3.2-cp38-cp38-manylinux_2_17_s390x.manylinux2014_s390x.whl", hash = "sha256:c9fd18be90a5ee0b472e92292f75061d687edbeea86419db4d85a4126b8a48ea"},
    {file = "fastcrc-0.3.2-cp38-cp38-manylinux_2_17_x86_64.manylinux2014_x86_64.whl", hash = "sha256:215fbc340a28d4028741758d929901bd4a406430d2d2cde5d80e8b1df20143b1"},
    {file = "fastcrc-0.3.2-cp38-cp38-manylinux_2_5_i686.manylinux1_i686.whl", hash = "sha256:c0632f9e9ffcb736872924268a486a02991726314e9dd870ca718ef6caaead51"},
    {file = "fastcrc-0.3.2-cp38-none-win32.whl", hash = "sha256:675bceda4fc316a3bd4ad99bb89f98a3596254299d23a4ffe85764a26890fd85"},
    {file = "fastcrc-0.3.2-cp38-none-win_amd64.whl", hash = "sha256:774ec86687bed8e3d5e2d2315a117545adf24bf6e08b19c307d986d129dfef04"},
    {file = "fastcrc-0.3.2-cp39-cp39-macosx_10_12_x86_64.whl", hash = "sha256:0e579a2b6de60eef3317091cccd6dc9679e87358a58cfb0466d488dd9415d223"},
    {file = "fastcrc-0.3.2-cp39-cp39-macosx_11_0_arm64.whl", hash = "sha256:0525b29f469f79a1f12617fdbd9fc4b45c66ac90198179a2bf64243b651dabfc"},
    {file = "fastcrc-0.3.2-cp39-cp39-manylinux_2_17_aarch64.manylinux2014_aarch64.whl", hash = "sha256:219245eb79a24efe5a0c7350bfed2bcbe63488d976a3900aff6aed8562e17f35"},
    {file = "fastcrc-0.3.2-cp39-cp39-manylinux_2_17_armv7l.manylinux2014_armv7l.whl", hash = "sha256:078a21d6ada812be671d5d861066fd04f0c395594a46b1db99a4fa0923cefa24"},
    {file = "fastcrc-0.3.2-cp39-cp39-manylinux_2_17_ppc64le.manylinux2014_ppc64le.whl", hash = "sha256:27713218416252b195a1a2df6292450f1860b4c54469ffc16652d167540228e0"},
    {file = "fastcrc-0.3.2-cp39-cp39-manylinux_2_17_s390x.manylinux2014_s390x.whl", hash = "sha256:176e6a03a570e93b8868f7051985e67ef30742c4bd1df4677421f7384ccbd2c7"},
    {file = "fastcrc-0.3.2-cp39-cp39-manylinux_2_17_x86_64.manylinux2014_x86_64.whl", hash = "sha256:c184e19f93ad5dba3b1578d2c04ffb26c8bb9788b58ee03e8f956523b65c7d9e"},
    {file = "fastcrc-0.3.2-cp39-cp39-manylinux_2_5_i686.manylinux1_i686.whl", hash = "sha256:b974f419ba9117cea8c54745475be8786ec00d85c9251bceab1ab8937aac2b2c"},
    {file = "fastcrc-0.3.2-cp39-none-win32.whl", hash = "sha256:93b72d799eea4a17d3df042de455339368d39f9f96e07e7c19c530f00811ea0a"},
    {file = "fastcrc-0.3.2-cp39-none-win_amd64.whl", hash = "sha256:46716bc4aa48b56cc03e64f0e6d973b255910237345c36b69c832753e06426bc"},
    {file = "fastcrc-0.3.2-pp310-pypy310_pp73-macosx_10_12_x86_64.whl", hash = "sha256:70c3d660acafbe684e2b7ee548f0bb8b661a7481756c86d8b1408d78a071bf3d"},
    {file = "fastcrc-0.3.2-pp310-pypy310_pp73-macosx_11_0_arm64.whl", hash = "sha256:2fc3489d5be7ee5a940c38cddde52bb7b7c3dc8c9a8787301ab0eecac9096cf2"},
    {file = "fastcrc-0.3.2-pp310-pypy310_pp73-manylinux_2_17_aarch64.manylinux2014_aarch64.whl", hash = "sha256:a822a37575c0a1fc0ffcf4ee3b6cf23b3c238a856685654c84be347b3b192abe"},
    {file = "fastcrc-0.3.2-pp310-pypy310_pp73-manylinux_2_17_armv7l.manylinux2014_armv7l.whl", hash = "sha256:efe319719fb2912d9b1c33d8bcc9f3a66547a7ff131b55ad252c3c01e2126603"},
    {file = "fastcrc-0.3.2-pp310-pypy310_pp73-manylinux_2_17_ppc64le.manylinux2014_ppc64le.whl", hash = "sha256:2521637ddcac21fa90761068bb2b2ee6cad0554b85ab320431e7a74504c33adf"},
    {file = "fastcrc-0.3.2-pp310-pypy310_pp73-manylinux_2_17_s390x.manylinux2014_s390x.whl", hash = "sha256:f97bf58d86bdf145b9635117dbb21afc137deb2f1f6869430c4f8c585aaa1619"},
    {file = "fastcrc-0.3.2-pp310-pypy310_pp73-manylinux_2_17_x86_64.manylinux2014_x86_64.whl", hash = "sha256:e33373b9b7325d93af5486c6414404b57e0ab48a0a1ea0125712c42607c6efcc"},
    {file = "fastcrc-0.3.2-pp310-pypy310_pp73-manylinux_2_5_i686.manylinux1_i686.whl", hash = "sha256:fa14a0f06b38e1c5689c4f6c6bfcdeee24de219385af5bd2356a73afdcdee896"},
    {file = "fastcrc-0.3.2-pp38-pypy38_pp73-macosx_10_12_x86_64.whl", hash = "sha256:b6fd2d2276f02f095104672a8797d032ea142b6d3973404b934f8c02c79cce12"},
    {file = "fastcrc-0.3.2-pp38-pypy38_pp73-macosx_11_0_arm64.whl", hash = "sha256:db3b31239f0f4fe74de37cd7c823716b52cf7e6bb7ce6b54e2fafa5d67e05246"},
    {file = "fastcrc-0.3.2-pp38-pypy38_pp73-manylinux_2_17_aarch64.manylinux2014_aarch64.whl", hash = "sha256:5fd80edbc3994f449656e3d95aa42a3b08c3c6fc55d3619d87fdf01fca149480"},
    {file = "fastcrc-0.3.2-pp38-pypy38_pp73-manylinux_2_17_armv7l.manylinux2014_armv7l.whl", hash = "sha256:c465a4ee71594ccb2a46227fe64d41d643c8e3ce673b19106f4bb7273da0747f"},
    {file = "fastcrc-0.3.2-pp38-pypy38_pp73-manylinux_2_17_ppc64le.manylinux2014_ppc64le.whl", hash = "sha256:10617a0a57adb7162f26d6f8c4a4a0fa770a0ef734e5faf7b832ef177344e791"},
    {file = "fastcrc-0.3.2-pp38-pypy38_pp73-manylinux_2_17_s390x.manylinux2014_s390x.whl", hash = "sha256:2859472ab4c8ab620c01a2ae00536541e5981fe565b95eb84e49ec4321154252"},
    {file = "fastcrc-0.3.2-pp38-pypy38_pp73-manylinux_2_17_x86_64.manylinux2014_x86_64.whl", hash = "sha256:fa1499a719e445a7d87709a13f4959265b76ff9f7b316268157d43f1d0f08434"},
    {file = "fastcrc-0.3.2-pp38-pypy38_pp73-manylinux_2_5_i686.manylinux1_i686.whl", hash = "sha256:f0612ba25f1e4503f3001188cb5ddc03ea5085dab836cd5843edf2655545e043"},
    {file = "fastcrc-0.3.2-pp39-pypy39_pp73-macosx_10_12_x86_64.whl", hash = "sha256:7d2a7350fbb83528d72cac1d2ede9282aa9a3d1597e0e8ac307898986f67693e"},
    {file = "fastcrc-0.3.2-pp39-pypy39_pp73-macosx_11_0_arm64.whl", hash = "sha256:2113206dd9c4e8938948a1fe4d0a984813c1e05bd6aed76bc94e5e8db950f6e2"},
    {file = "fastcrc-0.3.2-pp39-pypy39_pp73-manylinux_2_17_aarch64.manylinux2014_aarch64.whl", hash = "sha256:2ef696e7981dad4b478e5e72b96ca85d35a37c66cb1cb83c4c2f596435910f0c"},
    {file = "fastcrc-0.3.2-pp39-pypy39_pp73-manylinux_2_17_armv7l.manylinux2014_armv7l.whl", hash = "sha256:f6d928d05b9d99615abba45dd4d6c7a8643f3b2fb58156c20ed49c3f44fae3bd"},
    {file = "fastcrc-0.3.2-pp39-pypy39_pp73-manylinux_2_17_ppc64le.manylinux2014_ppc64le.whl", hash = "sha256:28581d371928a0507b5e8c329241432f8779eb63d202d53e08dce6c506185586"},
    {file = "fastcrc-0.3.2-pp39-pypy39_pp73-manylinux_2_17_s390x.manylinux2014_s390x.whl", hash = "sha256:cffeec911796bc8e51f14e2eb0a55461363bc5cad27e35c270e7afe85df1c530"},
    {file = "fastcrc-0.3.2-pp39-pypy39_pp73-manylinux_2_17_x86_64.manylinux2014_x86_64.whl", hash = "sha256:8ee171a8fa8f879e0904df99e690f5e3c04439e027138af1df942df3dc1f061a"},
    {file = "fastcrc-0.3.2-pp39-pypy39_pp73-manylinux_2_5_i686.manylinux1_i686.whl", hash = "sha256:e9cc2cca642cdd6c855e7e126b107ff7a8d159ff1b38793e15c3236b8f7579cf"},
    {file = "fastcrc-0.3.2.tar.gz", hash = "sha256:22362bb54e1bafc4f3e35544e40162481b2822c48ede1f5c2784820afad2c561"},
]

[[package]]
name = "fire"
version = "0.7.0"
description = "A library for automatically generating command line interfaces."
optional = false
python-versions = "*"
groups = ["main"]
files = [
    {file = "fire-0.7.0.tar.gz", hash = "sha256:961550f07936eaf65ad1dc8360f2b2bf8408fad46abbfa4d2a3794f8d2a95cdf"},
]

[package.dependencies]
termcolor = "*"

[[package]]
name = "mypy-extensions"
version = "1.0.0"
description = "Type system extensions for programs checked with the mypy type checker."
optional = false
python-versions = ">=3.5"
groups = ["dev"]
files = [
    {file = "mypy_extensions-1.0.0-py3-none-any.whl", hash = "sha256:4392f6c0eb8a5668a69e23d168ffa70f0be9ccfd32b5cc2d26a34ae5b844552d"},
    {file = "mypy_extensions-1.0.0.tar.gz", hash = "sha256:75dbf8955dc00442a438fc4d0666508a9a97b6bd41aa2f0ffe9d2f2725af0782"},
]

[[package]]
name = "packaging"
version = "24.2"
description = "Core utilities for Python packages"
optional = false
python-versions = ">=3.8"
groups = ["dev"]
files = [
    {file = "packaging-24.2-py3-none-any.whl", hash = "sha256:09abb1bccd265c01f4a3aa3f7a7db064b36514d2cba19a2f694fe6150451a759"},
    {file = "packaging-24.2.tar.gz", hash = "sha256:c228a6dc5e932d346bc5739379109d49e8853dd8223571c7c5b55260edc0b97f"},
]

[[package]]
name = "pathspec"
version = "0.12.1"
description = "Utility library for gitignore style pattern matching of file paths."
optional = false
python-versions = ">=3.8"
groups = ["dev"]
files = [
    {file = "pathspec-0.12.1-py3-none-any.whl", hash = "sha256:a0d503e138a4c123b27490a4f7beda6a01c6f288df0e4a8b79c7eb0dc7b4cc08"},
    {file = "pathspec-0.12.1.tar.gz", hash = "sha256:a482d51503a1ab33b1c67a6c3813a26953dbdc71c31dacaef9a838c4e29f5712"},
]

[[package]]
name = "platformdirs"
version = "4.3.6"
description = "A small Python package for determining appropriate platform-specific dirs, e.g. a `user data dir`."
optional = false
python-versions = ">=3.8"
groups = ["dev"]
files = [
    {file = "platformdirs-4.3.6-py3-none-any.whl", hash = "sha256:73e575e1408ab8103900836b97580d5307456908a03e92031bab39e4554cc3fb"},
    {file = "platformdirs-4.3.6.tar.gz", hash = "sha256:357fb2acbc885b0419afd3ce3ed34564c13c9b95c89360cd9563f73aa5e2b907"},
]

[package.extras]
docs = ["furo (>=2024.8.6)", "proselint (>=0.14)", "sphinx (>=8.0.2)", "sphinx-autodoc-typehints (>=2.4)"]
test = ["appdirs (==1.4.4)", "covdefaults (>=2.3)", "pytest (>=8.3.2)", "pytest-cov (>=5)", "pytest-mock (>=3.14)"]
type = ["mypy (>=1.11.2)"]

[[package]]
name = "termcolor"
version = "2.5.0"
description = "ANSI color formatting for output in terminal"
optional = false
python-versions = ">=3.9"
groups = ["main"]
files = [
    {file = "termcolor-2.5.0-py3-none-any.whl", hash = "sha256:37b17b5fc1e604945c2642c872a3764b5d547a48009871aea3edd3afa180afb8"},
    {file = "termcolor-2.5.0.tar.gz", hash = "sha256:998d8d27da6d48442e8e1f016119076b690d962507531df4890fcd2db2ef8a6f"},
]

[package.extras]
tests = ["pytest", "pytest-cov"]

[metadata]
lock-version = "2.1"
python-versions = "^3.12"
content-hash = "ba6644c48230eb8b8b98a6b2c7394858276564c42c22472110adf9e497d7d319"
